
Microsoft Visual Studio Solution File, Format Version 12.00
# Visual Studio Version 17
VisualStudioVersion = 17.7.34221.43
MinimumVisualStudioVersion = 10.0.40219.1
Project("{FAE04EC0-301F-11D3-BF4B-00C04F79EFBC}") = "PolimorfismoHerencia", "PolimorfismoHerencia.csproj", "{DEB81B36-9AB8-4897-BB3A-7E877E14283D}"
EndProject
Global
	GlobalSection(SolutionConfigurationPlatforms) = preSolution
		Debug|Any CPU = Debug|Any CPU
		Release|Any CPU = Release|Any CPU
	EndGlobalSection
	GlobalSection(ProjectConfigurationPlatforms) = postSolution
		{DEB81B36-9AB8-4897-BB3A-7E877E14283D}.Debug|Any CPU.ActiveCfg = Debug|Any CPU
		{DEB81B36-9AB8-4897-BB3A-7E877E14283D}.Debug|Any CPU.Build.0 = Debug|Any CPU
		{DEB81B36-9AB8-4897-BB3A-7E877E14283D}.Release|Any CPU.ActiveCfg = Release|Any CPU
		{DEB81B36-9AB8-4897-BB3A-7E877E14283D}.Release|Any CPU.Build.0 = Release|Any CPU
	EndGlobalSection
	GlobalSection(SolutionProperties) = preSolution
		HideSolutionNode = FALSE
	EndGlobalSection
	GlobalSection(ExtensibilityGlobals) = postSolution
		SolutionGuid = {5733CEC4-8790-4FFC-B86B-C80D25DE8515}
	EndGlobalSection
EndGlobal
