
Microsoft Visual Studio Solution File, Format Version 12.00
# Visual Studio Version 17
VisualStudioVersion = 17.7.34221.43
MinimumVisualStudioVersion = 10.0.40219.1
Project("{FAE04EC0-301F-11D3-BF4B-00C04F79EFBC}") = "CreandoApis", "CreandoApis.csproj", "{AB9C5413-FCED-43D2-8A92-C878DA8CC9B7}"
EndProject
Global
	GlobalSection(SolutionConfigurationPlatforms) = preSolution
		Debug|Any CPU = Debug|Any CPU
		Release|Any CPU = Release|Any CPU
	EndGlobalSection
	GlobalSection(ProjectConfigurationPlatforms) = postSolution
		{AB9C5413-FCED-43D2-8A92-C878DA8CC9B7}.Debug|Any CPU.ActiveCfg = Debug|Any CPU
		{AB9C5413-FCED-43D2-8A92-C878DA8CC9B7}.Debug|Any CPU.Build.0 = Debug|Any CPU
		{AB9C5413-FCED-43D2-8A92-C878DA8CC9B7}.Release|Any CPU.ActiveCfg = Release|Any CPU
		{AB9C5413-FCED-43D2-8A92-C878DA8CC9B7}.Release|Any CPU.Build.0 = Release|Any CPU
	EndGlobalSection
	GlobalSection(SolutionProperties) = preSolution
		HideSolutionNode = FALSE
	EndGlobalSection
	GlobalSection(ExtensibilityGlobals) = postSolution
		SolutionGuid = {420533D8-EA2C-4129-836E-3DF45E4482EA}
	EndGlobalSection
EndGlobal
